
Microsoft Visual Studio Solution File, Format Version 12.00
# Visual Studio 15
VisualStudioVersion = 15.0.27130.2027
MinimumVisualStudioVersion = 10.0.40219.1
Project("{8BC9CEB8-8B4A-11D0-8D11-00A0C91BC942}") = "Project12213", "Project12213\Project12213.vcxproj", "{35A6B099-FF6A-49D6-9BA1-8DDD42EA2335}"
EndProject
Global
	GlobalSection(SolutionConfigurationPlatforms) = preSolution
		Debug|x64 = Debug|x64
		Debug|x86 = Debug|x86
		Release|x64 = Release|x64
		Release|x86 = Release|x86
	EndGlobalSection
	GlobalSection(ProjectConfigurationPlatforms) = postSolution
		{35A6B099-FF6A-49D6-9BA1-8DDD42EA2335}.Debug|x64.ActiveCfg = Debug|x64
		{35A6B099-FF6A-49D6-9BA1-8DDD42EA2335}.Debug|x64.Build.0 = Debug|x64
		{35A6B099-FF6A-49D6-9BA1-8DDD42EA2335}.Debug|x86.ActiveCfg = Debug|Win32
		{35A6B099-FF6A-49D6-9BA1-8DDD42EA2335}.Debug|x86.Build.0 = Debug|Win32
		{35A6B099-FF6A-49D6-9BA1-8DDD42EA2335}.Release|x64.ActiveCfg = Release|x64
		{35A6B099-FF6A-49D6-9BA1-8DDD42EA2335}.Release|x64.Build.0 = Release|x64
		{35A6B099-FF6A-49D6-9BA1-8DDD42EA2335}.Release|x86.ActiveCfg = Release|Win32
		{35A6B099-FF6A-49D6-9BA1-8DDD42EA2335}.Release|x86.Build.0 = Release|Win32
	EndGlobalSection
	GlobalSection(SolutionProperties) = preSolution
		HideSolutionNode = FALSE
	EndGlobalSection
	GlobalSection(ExtensibilityGlobals) = postSolution
		SolutionGuid = {179F577A-4CC1-46B9-9E6F-5AB4D3B61D1C}
	EndGlobalSection
EndGlobal
